
Microsoft Visual Studio Solution File, Format Version 12.00
# Visual Studio Version 17
VisualStudioVersion = 17.6.33712.159
MinimumVisualStudioVersion = 10.0.40219.1
Project("{FAE04EC0-301F-11D3-BF4B-00C04F79EFBC}") = "PlatformService", "PlatformService\PlatformService.csproj", "{49FFE29F-ABCC-462B-84BD-D0847A9A23E4}"
EndProject
Global
	GlobalSection(SolutionConfigurationPlatforms) = preSolution
		Debug|Any CPU = Debug|Any CPU
		Release|Any CPU = Release|Any CPU
	EndGlobalSection
	GlobalSection(ProjectConfigurationPlatforms) = postSolution
		{49FFE29F-ABCC-462B-84BD-D0847A9A23E4}.Debug|Any CPU.ActiveCfg = Debug|Any CPU
		{49FFE29F-ABCC-462B-84BD-D0847A9A23E4}.Debug|Any CPU.Build.0 = Debug|Any CPU
		{49FFE29F-ABCC-462B-84BD-D0847A9A23E4}.Release|Any CPU.ActiveCfg = Release|Any CPU
		{49FFE29F-ABCC-462B-84BD-D0847A9A23E4}.Release|Any CPU.Build.0 = Release|Any CPU
	EndGlobalSection
	GlobalSection(SolutionProperties) = preSolution
		HideSolutionNode = FALSE
	EndGlobalSection
	GlobalSection(ExtensibilityGlobals) = postSolution
		SolutionGuid = {EEFBBE5B-9BF3-4F85-A1ED-C0490526D8D3}
	EndGlobalSection
EndGlobal
